<Solution>
  <Folder Name="/src/">
    <Project Path="src/Shine.Api/Shine.Api.csproj" />
    <Project Path="src/Shine.Application/Shine.Application.csproj" />
    <Project Path="src/Shine.Domain/Shine.Domain.csproj" />
    <Project Path="src/Shine.Infrastructure/Shine.Infrastructure.csproj" />
    <Project Path="src/Shine.Shared/Shine.Shared.csproj" />
    <Project Path="src/Scheduling.Domain/Scheduling.Domain.csproj" />
    <Project Path="src/Scheduling.Application/Scheduling.Application.csproj" />
    <Project Path="src/Scheduling.Infrastructure/Scheduling.Infrastructure.csproj" />
    <Project Path="tests/Shine.UnitTests/Shine.UnitTests.csproj" />
    <Project Path="tests/Shine.IntegrationTests/Shine.IntegrationTests.csproj" />
  </Folder>
</Solution>
